<?xml version="1.0" encoding="UTF-8" standalone="yes" ?>
<CodeBlocks_project_file>
	<FileVersion major="1" minor="6" />
	<Project>
		<Option title="KyleCompiler" />
		<Option pch_mode="2" />
		<Option compiler="gcc" />
		<Build>
			<Target title="Debug">
				<Option output="bin/Debug/KyleCompiler" prefix_auto="1" extension_auto="1" />
				<Option object_output="obj/Debug/" />
				<Option type="1" />
				<Option compiler="gcc" />
				<Compiler>
					<Add option="-g" />
				</Compiler>
			</Target>
			<Target title="Release">
				<Option output="bin/Release/KyleCompiler" prefix_auto="1" extension_auto="1" />
				<Option object_output="obj/Release/" />
				<Option type="1" />
				<Option compiler="gcc" />
				<Compiler>
					<Add option="-O2" />
				</Compiler>
				<Linker>
					<Add option="-s" />
				</Linker>
			</Target>
		</Build>
		<Compiler>
			<Add option="-Wall" />
			<Add option="-fexceptions" />
		</Compiler>
		<Unit filename="Decimal_stateMachine.cpp" />
		<Unit filename="Decimal_stateMachine.h" />
		<Unit filename="Identifier_stateMachine.cpp" />
		<Unit filename="Identifier_stateMachine.h" />
		<Unit filename="Parser.cpp" />
		<Unit filename="Parser.h" />
		<Unit filename="StateMachine.cpp" />
		<Unit filename="StateMachine.h" />
		<Unit filename="TreeNode.h" />
		<Unit filename="Word_Analyser.cpp" />
		<Unit filename="Word_Analyser.h" />
		<Unit filename="keywords_stateMachine.cpp" />
		<Unit filename="keywords_stateMachine.h" />
		<Unit filename="main.cpp" />
		<Unit filename="relation.cpp" />
		<Unit filename="relation.h" />
		<Unit filename="resource.cpp" />
		<Unit filename="resource.h" />
		<Unit filename="symbols_stateMachine.cpp" />
		<Unit filename="symbols_stateMachine.h" />
		<Unit filename="wordAnalyse_result.cpp" />
		<Unit filename="wordAnalyse_result.h" />
		<Extensions>
			<code_completion />
			<envvars />
			<debugger />
			<lib_finder disable_auto="1" />
		</Extensions>
	</Project>
</CodeBlocks_project_file>
